// !$*UTF8*$!
{
	archiveVersion = 1;
	classes = {
	};
	objectVersion = 51;
	objects = {

/* Begin PBXBuildFile section */
		1D8C09D094A1D72A037D85B5 /* Pods_TravelstartInterviewPracticeTests.framework in Frameworks */ = {isa = PBXBuildFile; fileRef = 2C8DC6B00345DD6B9EF28DD4 /* Pods_TravelstartInterviewPracticeTests.framework */; };
		2260F8E9236EC984005CD194 /* InformationProvider.swift in Sources */ = {isa = PBXBuildFile; fileRef = 2260F8E8236EC984005CD194 /* InformationProvider.swift */; };
		2260F8EC236ECF96005CD194 /* TIPParser.swift in Sources */ = {isa = PBXBuildFile; fileRef = 2260F8EB236ECF96005CD194 /* TIPParser.swift */; };
		2260F8EF236F103F005CD194 /* JonAlertWrapper.swift in Sources */ = {isa = PBXBuildFile; fileRef = 2260F8EE236F103F005CD194 /* JonAlertWrapper.swift */; };
		2260F8F2236FF52E005CD194 /* LobbyCollectionViewCell.swift in Sources */ = {isa = PBXBuildFile; fileRef = 2260F8F1236FF52E005CD194 /* LobbyCollectionViewCell.swift */; };
		2260F8F4236FF55C005CD194 /* LobbyCollectionViewCell.xib in Resources */ = {isa = PBXBuildFile; fileRef = 2260F8F3236FF55C005CD194 /* LobbyCollectionViewCell.xib */; };
		2260F8F8236FFC1C005CD194 /* UIScreen+Extension.swift in Sources */ = {isa = PBXBuildFile; fileRef = 2260F8F7236FFC1C005CD194 /* UIScreen+Extension.swift */; };
		2260F8FA23706B0D005CD194 /* KingFisherWrapper.swift in Sources */ = {isa = PBXBuildFile; fileRef = 2260F8F923706B0D005CD194 /* KingFisherWrapper.swift */; };
		2260F8FE23716299005CD194 /* StringSeparator.swift in Sources */ = {isa = PBXBuildFile; fileRef = 2260F8FD23716299005CD194 /* StringSeparator.swift */; };
		229A4D59236C152500029528 /* AppDelegate.swift in Sources */ = {isa = PBXBuildFile; fileRef = 229A4D58236C152500029528 /* AppDelegate.swift */; };
		229A4D5B236C152500029528 /* SceneDelegate.swift in Sources */ = {isa = PBXBuildFile; fileRef = 229A4D5A236C152500029528 /* SceneDelegate.swift */; };
		229A4D5D236C152500029528 /* LobbyViewController.swift in Sources */ = {isa = PBXBuildFile; fileRef = 229A4D5C236C152500029528 /* LobbyViewController.swift */; };
		229A4D60236C152500029528 /* Main.storyboard in Resources */ = {isa = PBXBuildFile; fileRef = 229A4D5E236C152500029528 /* Main.storyboard */; };
		229A4D62236C152600029528 /* Assets.xcassets in Resources */ = {isa = PBXBuildFile; fileRef = 229A4D61236C152600029528 /* Assets.xcassets */; };
		229A4D65236C152600029528 /* LaunchScreen.storyboard in Resources */ = {isa = PBXBuildFile; fileRef = 229A4D63236C152600029528 /* LaunchScreen.storyboard */; };
		229A4D70236C152600029528 /* TravelstartInterviewPracticeTests.swift in Sources */ = {isa = PBXBuildFile; fileRef = 229A4D6F236C152600029528 /* TravelstartInterviewPracticeTests.swift */; };
		229A4D87236D697E00029528 /* LobbyTableViewCell.xib in Resources */ = {isa = PBXBuildFile; fileRef = 229A4D86236D697E00029528 /* LobbyTableViewCell.xib */; };
		229A4D8A236D69DC00029528 /* LobbyTableViewCell.swift in Sources */ = {isa = PBXBuildFile; fileRef = 229A4D89236D69DC00029528 /* LobbyTableViewCell.swift */; };
		229A4D8D236D6B0500029528 /* UITableView+Extension.swift in Sources */ = {isa = PBXBuildFile; fileRef = 229A4D8C236D6B0500029528 /* UITableView+Extension.swift */; };
		229A4D8F236D6E7B00029528 /* UICollectionView+Extension.swift in Sources */ = {isa = PBXBuildFile; fileRef = 229A4D8E236D6E7B00029528 /* UICollectionView+Extension.swift */; };
		229A4D92236D7DA100029528 /* UIStoryboard+Extension.swift in Sources */ = {isa = PBXBuildFile; fileRef = 229A4D91236D7DA100029528 /* UIStoryboard+Extension.swift */; };
		229A4D94236DB4E100029528 /* HTTPClient.swift in Sources */ = {isa = PBXBuildFile; fileRef = 229A4D93236DB4E100029528 /* HTTPClient.swift */; };
		229A4D97236DBB2F00029528 /* ClientObject.swift in Sources */ = {isa = PBXBuildFile; fileRef = 229A4D96236DBB2F00029528 /* ClientObject.swift */; };
		6542A1643E59C0D34D041563 /* Pods_TravelstartInterviewPractice.framework in Frameworks */ = {isa = PBXBuildFile; fileRef = F091150183F52E27BDBAEEAC /* Pods_TravelstartInterviewPractice.framework */; };
/* End PBXBuildFile section */

/* Begin PBXContainerItemProxy section */
		229A4D6C236C152600029528 /* PBXContainerItemProxy */ = {
			isa = PBXContainerItemProxy;
			containerPortal = 229A4D4D236C152500029528 /* Project object */;
			proxyType = 1;
			remoteGlobalIDString = 229A4D54236C152500029528;
			remoteInfo = TravelstartInterviewPractice;
		};
/* End PBXContainerItemProxy section */

/* Begin PBXFileReference section */
		0E088F7886AB3355D26A8A76 /* Pods-TravelstartInterviewPracticeTests.debug.xcconfig */ = {isa = PBXFileReference; includeInIndex = 1; lastKnownFileType = text.xcconfig; name = "Pods-TravelstartInterviewPracticeTests.debug.xcconfig"; path = "Target Support Files/Pods-TravelstartInterviewPracticeTests/Pods-TravelstartInterviewPracticeTests.debug.xcconfig"; sourceTree = "<group>"; };
		216EE18458D486B4C4A2B638 /* Pods-TravelstartInterviewPracticeTests.release.xcconfig */ = {isa = PBXFileReference; includeInIndex = 1; lastKnownFileType = text.xcconfig; name = "Pods-TravelstartInterviewPracticeTests.release.xcconfig"; path = "Target Support Files/Pods-TravelstartInterviewPracticeTests/Pods-TravelstartInterviewPracticeTests.release.xcconfig"; sourceTree = "<group>"; };
		2260F8E8236EC984005CD194 /* InformationProvider.swift */ = {isa = PBXFileReference; lastKnownFileType = sourcecode.swift; path = InformationProvider.swift; sourceTree = "<group>"; };
		2260F8EB236ECF96005CD194 /* TIPParser.swift */ = {isa = PBXFileReference; lastKnownFileType = sourcecode.swift; path = TIPParser.swift; sourceTree = "<group>"; };
		2260F8EE236F103F005CD194 /* JonAlertWrapper.swift */ = {isa = PBXFileReference; lastKnownFileType = sourcecode.swift; path = JonAlertWrapper.swift; sourceTree = "<group>"; };
		2260F8F1236FF52E005CD194 /* LobbyCollectionViewCell.swift */ = {isa = PBXFileReference; lastKnownFileType = sourcecode.swift; path = LobbyCollectionViewCell.swift; sourceTree = "<group>"; };
		2260F8F3236FF55C005CD194 /* LobbyCollectionViewCell.xib */ = {isa = PBXFileReference; lastKnownFileType = file.xib; path = LobbyCollectionViewCell.xib; sourceTree = "<group>"; };
		2260F8F7236FFC1C005CD194 /* UIScreen+Extension.swift */ = {isa = PBXFileReference; lastKnownFileType = sourcecode.swift; path = "UIScreen+Extension.swift"; sourceTree = "<group>"; };
		2260F8F923706B0D005CD194 /* KingFisherWrapper.swift */ = {isa = PBXFileReference; lastKnownFileType = sourcecode.swift; path = KingFisherWrapper.swift; sourceTree = "<group>"; };
		2260F8FD23716299005CD194 /* StringSeparator.swift */ = {isa = PBXFileReference; lastKnownFileType = sourcecode.swift; path = StringSeparator.swift; sourceTree = "<group>"; };
		229A4D55236C152500029528 /* TravelstartInterviewPractice.app */ = {isa = PBXFileReference; explicitFileType = wrapper.application; includeInIndex = 0; path = TravelstartInterviewPractice.app; sourceTree = BUILT_PRODUCTS_DIR; };
		229A4D58236C152500029528 /* AppDelegate.swift */ = {isa = PBXFileReference; lastKnownFileType = sourcecode.swift; path = AppDelegate.swift; sourceTree = "<group>"; };
		229A4D5A236C152500029528 /* SceneDelegate.swift */ = {isa = PBXFileReference; lastKnownFileType = sourcecode.swift; path = SceneDelegate.swift; sourceTree = "<group>"; };
		229A4D5C236C152500029528 /* LobbyViewController.swift */ = {isa = PBXFileReference; lastKnownFileType = sourcecode.swift; path = LobbyViewController.swift; sourceTree = "<group>"; };
		229A4D5F236C152500029528 /* Base */ = {isa = PBXFileReference; lastKnownFileType = file.storyboard; name = Base; path = Base.lproj/Main.storyboard; sourceTree = "<group>"; };
		229A4D61236C152600029528 /* Assets.xcassets */ = {isa = PBXFileReference; lastKnownFileType = folder.assetcatalog; path = Assets.xcassets; sourceTree = "<group>"; };
		229A4D64236C152600029528 /* Base */ = {isa = PBXFileReference; lastKnownFileType = file.storyboard; name = Base; path = Base.lproj/LaunchScreen.storyboard; sourceTree = "<group>"; };
		229A4D66236C152600029528 /* Info.plist */ = {isa = PBXFileReference; lastKnownFileType = text.plist.xml; path = Info.plist; sourceTree = "<group>"; };
		229A4D6B236C152600029528 /* TravelstartInterviewPracticeTests.xctest */ = {isa = PBXFileReference; explicitFileType = wrapper.cfbundle; includeInIndex = 0; path = TravelstartInterviewPracticeTests.xctest; sourceTree = BUILT_PRODUCTS_DIR; };
		229A4D6F236C152600029528 /* TravelstartInterviewPracticeTests.swift */ = {isa = PBXFileReference; lastKnownFileType = sourcecode.swift; path = TravelstartInterviewPracticeTests.swift; sourceTree = "<group>"; };
		229A4D71236C152600029528 /* Info.plist */ = {isa = PBXFileReference; lastKnownFileType = text.plist.xml; path = Info.plist; sourceTree = "<group>"; };
		229A4D86236D697E00029528 /* LobbyTableViewCell.xib */ = {isa = PBXFileReference; lastKnownFileType = file.xib; path = LobbyTableViewCell.xib; sourceTree = "<group>"; };
		229A4D89236D69DC00029528 /* LobbyTableViewCell.swift */ = {isa = PBXFileReference; lastKnownFileType = sourcecode.swift; path = LobbyTableViewCell.swift; sourceTree = "<group>"; };
		229A4D8C236D6B0500029528 /* UITableView+Extension.swift */ = {isa = PBXFileReference; lastKnownFileType = sourcecode.swift; path = "UITableView+Extension.swift"; sourceTree = "<group>"; };
		229A4D8E236D6E7B00029528 /* UICollectionView+Extension.swift */ = {isa = PBXFileReference; lastKnownFileType = sourcecode.swift; path = "UICollectionView+Extension.swift"; sourceTree = "<group>"; };
		229A4D91236D7DA100029528 /* UIStoryboard+Extension.swift */ = {isa = PBXFileReference; lastKnownFileType = sourcecode.swift; path = "UIStoryboard+Extension.swift"; sourceTree = "<group>"; };
		229A4D93236DB4E100029528 /* HTTPClient.swift */ = {isa = PBXFileReference; lastKnownFileType = sourcecode.swift; path = HTTPClient.swift; sourceTree = "<group>"; };
		229A4D96236DBB2F00029528 /* ClientObject.swift */ = {isa = PBXFileReference; lastKnownFileType = sourcecode.swift; path = ClientObject.swift; sourceTree = "<group>"; };
		2C8DC6B00345DD6B9EF28DD4 /* Pods_TravelstartInterviewPracticeTests.framework */ = {isa = PBXFileReference; explicitFileType = wrapper.framework; includeInIndex = 0; path = Pods_TravelstartInterviewPracticeTests.framework; sourceTree = BUILT_PRODUCTS_DIR; };
		3BB5B266D354422109731D29 /* Pods-TravelstartInterviewPractice.release.xcconfig */ = {isa = PBXFileReference; includeInIndex = 1; lastKnownFileType = text.xcconfig; name = "Pods-TravelstartInterviewPractice.release.xcconfig"; path = "Target Support Files/Pods-TravelstartInterviewPractice/Pods-TravelstartInterviewPractice.release.xcconfig"; sourceTree = "<group>"; };
		CBF6BA55B3181AFF80F3E657 /* Pods-TravelstartInterviewPractice.debug.xcconfig */ = {isa = PBXFileReference; includeInIndex = 1; lastKnownFileType = text.xcconfig; name = "Pods-TravelstartInterviewPractice.debug.xcconfig"; path = "Target Support Files/Pods-TravelstartInterviewPractice/Pods-TravelstartInterviewPractice.debug.xcconfig"; sourceTree = "<group>"; };
		F091150183F52E27BDBAEEAC /* Pods_TravelstartInterviewPractice.framework */ = {isa = PBXFileReference; explicitFileType = wrapper.framework; includeInIndex = 0; path = Pods_TravelstartInterviewPractice.framework; sourceTree = BUILT_PRODUCTS_DIR; };
/* End PBXFileReference section */

/* Begin PBXFrameworksBuildPhase section */
		229A4D52236C152500029528 /* Frameworks */ = {
			isa = PBXFrameworksBuildPhase;
			buildActionMask = 2147483647;
			files = (
				6542A1643E59C0D34D041563 /* Pods_TravelstartInterviewPractice.framework in Frameworks */,
			);
			runOnlyForDeploymentPostprocessing = 0;
		};
		229A4D68236C152600029528 /* Frameworks */ = {
			isa = PBXFrameworksBuildPhase;
			buildActionMask = 2147483647;
			files = (
				1D8C09D094A1D72A037D85B5 /* Pods_TravelstartInterviewPracticeTests.framework in Frameworks */,
			);
			runOnlyForDeploymentPostprocessing = 0;
		};
/* End PBXFrameworksBuildPhase section */

/* Begin PBXGroup section */
		20F4BC9AF20F08892C2C41C2 /* Frameworks */ = {
			isa = PBXGroup;
			children = (
				F091150183F52E27BDBAEEAC /* Pods_TravelstartInterviewPractice.framework */,
				2C8DC6B00345DD6B9EF28DD4 /* Pods_TravelstartInterviewPracticeTests.framework */,
			);
			name = Frameworks;
			sourceTree = "<group>";
		};
		2260F8E7236EC959005CD194 /* Attractions */ = {
			isa = PBXGroup;
			children = (
				2260F8E8236EC984005CD194 /* InformationProvider.swift */,
			);
			path = Attractions;
			sourceTree = "<group>";
		};
		2260F8EA236ECF82005CD194 /* Parser */ = {
			isa = PBXGroup;
			children = (
				2260F8EB236ECF96005CD194 /* TIPParser.swift */,
			);
			path = Parser;
			sourceTree = "<group>";
		};
		2260F8ED236F0FC2005CD194 /* Third Party Wrapper */ = {
			isa = PBXGroup;
			children = (
				2260F8EE236F103F005CD194 /* JonAlertWrapper.swift */,
				2260F8F923706B0D005CD194 /* KingFisherWrapper.swift */,
			);
			path = "Third Party Wrapper";
			sourceTree = "<group>";
		};
		2260F8F0236FF4E6005CD194 /* LobbyCollectionView */ = {
			isa = PBXGroup;
			children = (
				2260F8F3236FF55C005CD194 /* LobbyCollectionViewCell.xib */,
				2260F8F1236FF52E005CD194 /* LobbyCollectionViewCell.swift */,
			);
			path = LobbyCollectionView;
			sourceTree = "<group>";
		};
		229A4D4C236C152500029528 = {
			isa = PBXGroup;
			children = (
				229A4D57236C152500029528 /* TravelstartInterviewPractice */,
				229A4D6E236C152600029528 /* TravelstartInterviewPracticeTests */,
				229A4D56236C152500029528 /* Products */,
				EB573D458F956802A063358D /* Pods */,
				20F4BC9AF20F08892C2C41C2 /* Frameworks */,
			);
			sourceTree = "<group>";
		};
		229A4D56236C152500029528 /* Products */ = {
			isa = PBXGroup;
			children = (
				229A4D55236C152500029528 /* TravelstartInterviewPractice.app */,
				229A4D6B236C152600029528 /* TravelstartInterviewPracticeTests.xctest */,
			);
			name = Products;
			sourceTree = "<group>";
		};
		229A4D57236C152500029528 /* TravelstartInterviewPractice */ = {
			isa = PBXGroup;
			children = (
				229A4D85236D61B100029528 /* Resource */,
				229A4D8B236D6A1F00029528 /* Extension */,
				2260F8ED236F0FC2005CD194 /* Third Party Wrapper */,
				229A4D83236D616F00029528 /* Model */,
				229A4D80236D60D900029528 /* Controller */,
				229A4D84236D619A00029528 /* View */,
				229A4D58236C152500029528 /* AppDelegate.swift */,
				229A4D5A236C152500029528 /* SceneDelegate.swift */,
				229A4D5E236C152500029528 /* Main.storyboard */,
				229A4D63236C152600029528 /* LaunchScreen.storyboard */,
				229A4D66236C152600029528 /* Info.plist */,
			);
			path = TravelstartInterviewPractice;
			sourceTree = "<group>";
		};
		229A4D6E236C152600029528 /* TravelstartInterviewPracticeTests */ = {
			isa = PBXGroup;
			children = (
				229A4D6F236C152600029528 /* TravelstartInterviewPracticeTests.swift */,
				229A4D71236C152600029528 /* Info.plist */,
			);
			path = TravelstartInterviewPracticeTests;
			sourceTree = "<group>";
		};
		229A4D80236D60D900029528 /* Controller */ = {
			isa = PBXGroup;
			children = (
				229A4D5C236C152500029528 /* LobbyViewController.swift */,
			);
			path = Controller;
			sourceTree = "<group>";
		};
		229A4D83236D616F00029528 /* Model */ = {
			isa = PBXGroup;
			children = (
				2260F8EA236ECF82005CD194 /* Parser */,
				2260F8E7236EC959005CD194 /* Attractions */,
				229A4D95236DBA8800029528 /* HTTPS */,
				229A4D96236DBB2F00029528 /* ClientObject.swift */,
				2260F8FD23716299005CD194 /* StringSeparator.swift */,
			);
			name = Model;
			path = TravelstartInterviewPractice/Model;
			sourceTree = SOURCE_ROOT;
		};
		229A4D84236D619A00029528 /* View */ = {
			isa = PBXGroup;
			children = (
				2260F8F0236FF4E6005CD194 /* LobbyCollectionView */,
				229A4D88236D69B100029528 /* LobbyTableView */,
			);
			path = View;
			sourceTree = "<group>";
		};
		229A4D85236D61B100029528 /* Resource */ = {
			isa = PBXGroup;
			children = (
				229A4D61236C152600029528 /* Assets.xcassets */,
			);
			path = Resource;
			sourceTree = "<group>";
		};
		229A4D88236D69B100029528 /* LobbyTableView */ = {
			isa = PBXGroup;
			children = (
				229A4D86236D697E00029528 /* LobbyTableViewCell.xib */,
				229A4D89236D69DC00029528 /* LobbyTableViewCell.swift */,
			);
			path = LobbyTableView;
			sourceTree = "<group>";
		};
		229A4D8B236D6A1F00029528 /* Extension */ = {
			isa = PBXGroup;
			children = (
				229A4D8C236D6B0500029528 /* UITableView+Extension.swift */,
				229A4D8E236D6E7B00029528 /* UICollectionView+Extension.swift */,
				229A4D91236D7DA100029528 /* UIStoryboard+Extension.swift */,
				2260F8F7236FFC1C005CD194 /* UIScreen+Extension.swift */,
			);
			path = Extension;
			sourceTree = "<group>";
		};
		229A4D95236DBA8800029528 /* HTTPS */ = {
			isa = PBXGroup;
			children = (
				229A4D93236DB4E100029528 /* HTTPClient.swift */,
			);
			path = HTTPS;
			sourceTree = "<group>";
		};
		EB573D458F956802A063358D /* Pods */ = {
			isa = PBXGroup;
			children = (
				CBF6BA55B3181AFF80F3E657 /* Pods-TravelstartInterviewPractice.debug.xcconfig */,
				3BB5B266D354422109731D29 /* Pods-TravelstartInterviewPractice.release.xcconfig */,
				0E088F7886AB3355D26A8A76 /* Pods-TravelstartInterviewPracticeTests.debug.xcconfig */,
				216EE18458D486B4C4A2B638 /* Pods-TravelstartInterviewPracticeTests.release.xcconfig */,
			);
			path = Pods;
			sourceTree = "<group>";
		};
/* End PBXGroup section */

/* Begin PBXNativeTarget section */
		229A4D54236C152500029528 /* TravelstartInterviewPractice */ = {
			isa = PBXNativeTarget;
			buildConfigurationList = 229A4D74236C152600029528 /* Build configuration list for PBXNativeTarget "TravelstartInterviewPractice" */;
			buildPhases = (
				328FC65A4FCA10B8BB54B900 /* [CP] Check Pods Manifest.lock */,
				229A4D51236C152500029528 /* Sources */,
				229A4D52236C152500029528 /* Frameworks */,
				229A4D53236C152500029528 /* Resources */,
				5FCB15E29BCE68E2A7444249 /* [CP] Embed Pods Frameworks */,
				229A4D7A236D4DD400029528 /* SwiftLint */,
			);
			buildRules = (
			);
			dependencies = (
			);
			name = TravelstartInterviewPractice;
			productName = TravelstartInterviewPractice;
			productReference = 229A4D55236C152500029528 /* TravelstartInterviewPractice.app */;
			productType = "com.apple.product-type.application";
		};
		229A4D6A236C152600029528 /* TravelstartInterviewPracticeTests */ = {
			isa = PBXNativeTarget;
			buildConfigurationList = 229A4D77236C152600029528 /* Build configuration list for PBXNativeTarget "TravelstartInterviewPracticeTests" */;
			buildPhases = (
				306D565A46DFC2515E8DE485 /* [CP] Check Pods Manifest.lock */,
				229A4D67236C152600029528 /* Sources */,
				229A4D68236C152600029528 /* Frameworks */,
				229A4D69236C152600029528 /* Resources */,
			);
			buildRules = (
			);
			dependencies = (
				229A4D6D236C152600029528 /* PBXTargetDependency */,
			);
			name = TravelstartInterviewPracticeTests;
			productName = TravelstartInterviewPracticeTests;
			productReference = 229A4D6B236C152600029528 /* TravelstartInterviewPracticeTests.xctest */;
			productType = "com.apple.product-type.bundle.unit-test";
		};
/* End PBXNativeTarget section */

/* Begin PBXProject section */
		229A4D4D236C152500029528 /* Project object */ = {
			isa = PBXProject;
			attributes = {
				LastSwiftUpdateCheck = 1100;
				LastUpgradeCheck = 1100;
				ORGANIZATIONNAME = PanLiHsiang;
				TargetAttributes = {
					229A4D54236C152500029528 = {
						CreatedOnToolsVersion = 11.0;
					};
					229A4D6A236C152600029528 = {
						CreatedOnToolsVersion = 11.0;
						TestTargetID = 229A4D54236C152500029528;
					};
				};
			};
			buildConfigurationList = 229A4D50236C152500029528 /* Build configuration list for PBXProject "TravelstartInterviewPractice" */;
			compatibilityVersion = "Xcode 9.3";
			developmentRegion = en;
			hasScannedForEncodings = 0;
			knownRegions = (
				en,
				Base,
			);
			mainGroup = 229A4D4C236C152500029528;
			productRefGroup = 229A4D56236C152500029528 /* Products */;
			projectDirPath = "";
			projectRoot = "";
			targets = (
				229A4D54236C152500029528 /* TravelstartInterviewPractice */,
				229A4D6A236C152600029528 /* TravelstartInterviewPracticeTests */,
			);
		};
/* End PBXProject section */

/* Begin PBXResourcesBuildPhase section */
		229A4D53236C152500029528 /* Resources */ = {
			isa = PBXResourcesBuildPhase;
			buildActionMask = 2147483647;
			files = (
				2260F8F4236FF55C005CD194 /* LobbyCollectionViewCell.xib in Resources */,
				229A4D65236C152600029528 /* LaunchScreen.storyboard in Resources */,
				229A4D62236C152600029528 /* Assets.xcassets in Resources */,
				229A4D87236D697E00029528 /* LobbyTableViewCell.xib in Resources */,
				229A4D60236C152500029528 /* Main.storyboard in Resources */,
			);
			runOnlyForDeploymentPostprocessing = 0;
		};
		229A4D69236C152600029528 /* Resources */ = {
			isa = PBXResourcesBuildPhase;
			buildActionMask = 2147483647;
			files = (
			);
			runOnlyForDeploymentPostprocessing = 0;
		};
/* End PBXResourcesBuildPhase section */

/* Begin PBXShellScriptBuildPhase section */
		229A4D7A236D4DD400029528 /* SwiftLint */ = {
			isa = PBXShellScriptBuildPhase;
			buildActionMask = 2147483647;
			files = (
			);
			inputFileListPaths = (
			);
			inputPaths = (
			);
			name = SwiftLint;
			outputFileListPaths = (
			);
			outputPaths = (
			);
			runOnlyForDeploymentPostprocessing = 0;
			shellPath = /bin/sh;
			shellScript = "\"${PODS_ROOT}/SwiftLint/swiftlint\"\n\n";
		};
		306D565A46DFC2515E8DE485 /* [CP] Check Pods Manifest.lock */ = {
			isa = PBXShellScriptBuildPhase;
			buildActionMask = 2147483647;
			files = (
			);
			inputFileListPaths = (
			);
			inputPaths = (
				"${PODS_PODFILE_DIR_PATH}/Podfile.lock",
				"${PODS_ROOT}/Manifest.lock",
			);
			name = "[CP] Check Pods Manifest.lock";
			outputFileListPaths = (
			);
			outputPaths = (
				"$(DERIVED_FILE_DIR)/Pods-TravelstartInterviewPracticeTests-checkManifestLockResult.txt",
			);
			runOnlyForDeploymentPostprocessing = 0;
			shellPath = /bin/sh;
			shellScript = "diff \"${PODS_PODFILE_DIR_PATH}/Podfile.lock\" \"${PODS_ROOT}/Manifest.lock\" > /dev/null\nif [ $? != 0 ] ; then\n    # print error to STDERR\n    echo \"error: The sandbox is not in sync with the Podfile.lock. Run 'pod install' or update your CocoaPods installation.\" >&2\n    exit 1\nfi\n# This output is used by Xcode 'outputs' to avoid re-running this script phase.\necho \"SUCCESS\" > \"${SCRIPT_OUTPUT_FILE_0}\"\n";
			showEnvVarsInLog = 0;
		};
		328FC65A4FCA10B8BB54B900 /* [CP] Check Pods Manifest.lock */ = {
			isa = PBXShellScriptBuildPhase;
			buildActionMask = 2147483647;
			files = (
			);
			inputFileListPaths = (
			);
			inputPaths = (
				"${PODS_PODFILE_DIR_PATH}/Podfile.lock",
				"${PODS_ROOT}/Manifest.lock",
			);
			name = "[CP] Check Pods Manifest.lock";
			outputFileListPaths = (
			);
			outputPaths = (
				"$(DERIVED_FILE_DIR)/Pods-TravelstartInterviewPractice-checkManifestLockResult.txt",
			);
			runOnlyForDeploymentPostprocessing = 0;
			shellPath = /bin/sh;
			shellScript = "diff \"${PODS_PODFILE_DIR_PATH}/Podfile.lock\" \"${PODS_ROOT}/Manifest.lock\" > /dev/null\nif [ $? != 0 ] ; then\n    # print error to STDERR\n    echo \"error: The sandbox is not in sync with the Podfile.lock. Run 'pod install' or update your CocoaPods installation.\" >&2\n    exit 1\nfi\n# This output is used by Xcode 'outputs' to avoid re-running this script phase.\necho \"SUCCESS\" > \"${SCRIPT_OUTPUT_FILE_0}\"\n";
			showEnvVarsInLog = 0;
		};
		5FCB15E29BCE68E2A7444249 /* [CP] Embed Pods Frameworks */ = {
			isa = PBXShellScriptBuildPhase;
			buildActionMask = 2147483647;
			files = (
			);
			inputFileListPaths = (
				"${PODS_ROOT}/Target Support Files/Pods-TravelstartInterviewPractice/Pods-TravelstartInterviewPractice-frameworks-${CONFIGURATION}-input-files.xcfilelist",
			);
			name = "[CP] Embed Pods Frameworks";
			outputFileListPaths = (
				"${PODS_ROOT}/Target Support Files/Pods-TravelstartInterviewPractice/Pods-TravelstartInterviewPractice-frameworks-${CONFIGURATION}-output-files.xcfilelist",
			);
			runOnlyForDeploymentPostprocessing = 0;
			shellPath = /bin/sh;
			shellScript = "\"${PODS_ROOT}/Target Support Files/Pods-TravelstartInterviewPractice/Pods-TravelstartInterviewPractice-frameworks.sh\"\n";
			showEnvVarsInLog = 0;
		};
/* End PBXShellScriptBuildPhase section */

/* Begin PBXSourcesBuildPhase section */
		229A4D51236C152500029528 /* Sources */ = {
			isa = PBXSourcesBuildPhase;
			buildActionMask = 2147483647;
			files = (
				2260F8FA23706B0D005CD194 /* KingFisherWrapper.swift in Sources */,
				229A4D8F236D6E7B00029528 /* UICollectionView+Extension.swift in Sources */,
				229A4D97236DBB2F00029528 /* ClientObject.swift in Sources */,
				2260F8EC236ECF96005CD194 /* TIPParser.swift in Sources */,
				229A4D5D236C152500029528 /* LobbyViewController.swift in Sources */,
				2260F8EF236F103F005CD194 /* JonAlertWrapper.swift in Sources */,
				229A4D94236DB4E100029528 /* HTTPClient.swift in Sources */,
				229A4D59236C152500029528 /* AppDelegate.swift in Sources */,
				2260F8FE23716299005CD194 /* StringSeparator.swift in Sources */,
				229A4D8D236D6B0500029528 /* UITableView+Extension.swift in Sources */,
				229A4D8A236D69DC00029528 /* LobbyTableViewCell.swift in Sources */,
				229A4D5B236C152500029528 /* SceneDelegate.swift in Sources */,
				2260F8F8236FFC1C005CD194 /* UIScreen+Extension.swift in Sources */,
				2260F8F2236FF52E005CD194 /* LobbyCollectionViewCell.swift in Sources */,
				229A4D92236D7DA100029528 /* UIStoryboard+Extension.swift in Sources */,
				2260F8E9236EC984005CD194 /* InformationProvider.swift in Sources */,
			);
			runOnlyForDeploymentPostprocessing = 0;
		};
		229A4D67236C152600029528 /* Sources */ = {
			isa = PBXSourcesBuildPhase;
			buildActionMask = 2147483647;
			files = (
				229A4D70236C152600029528 /* TravelstartInterviewPracticeTests.swift in Sources */,
			);
			runOnlyForDeploymentPostprocessing = 0;
		};
/* End PBXSourcesBuildPhase section */

/* Begin PBXTargetDependency section */
		229A4D6D236C152600029528 /* PBXTargetDependency */ = {
			isa = PBXTargetDependency;
			target = 229A4D54236C152500029528 /* TravelstartInterviewPractice */;
			targetProxy = 229A4D6C236C152600029528 /* PBXContainerItemProxy */;
		};
/* End PBXTargetDependency section */

/* Begin PBXVariantGroup section */
		229A4D5E236C152500029528 /* Main.storyboard */ = {
			isa = PBXVariantGroup;
			children = (
				229A4D5F236C152500029528 /* Base */,
			);
			name = Main.storyboard;
			sourceTree = "<group>";
		};
		229A4D63236C152600029528 /* LaunchScreen.storyboard */ = {
			isa = PBXVariantGroup;
			children = (
				229A4D64236C152600029528 /* Base */,
			);
			name = LaunchScreen.storyboard;
			sourceTree = "<group>";
		};
/* End PBXVariantGroup section */

/* Begin XCBuildConfiguration section */
		229A4D72236C152600029528 /* Debug */ = {
			isa = XCBuildConfiguration;
			buildSettings = {
				ALWAYS_SEARCH_USER_PATHS = NO;
				CLANG_ANALYZER_NONNULL = YES;
				CLANG_ANALYZER_NUMBER_OBJECT_CONVERSION = YES_AGGRESSIVE;
				CLANG_CXX_LANGUAGE_STANDARD = "gnu++14";
				CLANG_CXX_LIBRARY = "libc++";
				CLANG_ENABLE_MODULES = YES;
				CLANG_ENABLE_OBJC_ARC = YES;
				CLANG_ENABLE_OBJC_WEAK = YES;
				CLANG_WARN_BLOCK_CAPTURE_AUTORELEASING = YES;
				CLANG_WARN_BOOL_CONVERSION = YES;
				CLANG_WARN_COMMA = YES;
				CLANG_WARN_CONSTANT_CONVERSION = YES;
				CLANG_WARN_DEPRECATED_OBJC_IMPLEMENTATIONS = YES;
				CLANG_WARN_DIRECT_OBJC_ISA_USAGE = YES_ERROR;
				CLANG_WARN_DOCUMENTATION_COMMENTS = YES;
				CLANG_WARN_EMPTY_BODY = YES;
				CLANG_WARN_ENUM_CONVERSION = YES;
				CLANG_WARN_INFINITE_RECURSION = YES;
				CLANG_WARN_INT_CONVERSION = YES;
				CLANG_WARN_NON_LITERAL_NULL_CONVERSION = YES;
				CLANG_WARN_OBJC_IMPLICIT_RETAIN_SELF = YES;
				CLANG_WARN_OBJC_LITERAL_CONVERSION = YES;
				CLANG_WARN_OBJC_ROOT_CLASS = YES_ERROR;
				CLANG_WARN_RANGE_LOOP_ANALYSIS = YES;
				CLANG_WARN_STRICT_PROTOTYPES = YES;
				CLANG_WARN_SUSPICIOUS_MOVE = YES;
				CLANG_WARN_UNGUARDED_AVAILABILITY = YES_AGGRESSIVE;
				CLANG_WARN_UNREACHABLE_CODE = YES;
				CLANG_WARN__DUPLICATE_METHOD_MATCH = YES;
				COPY_PHASE_STRIP = NO;
				DEBUG_INFORMATION_FORMAT = dwarf;
				ENABLE_STRICT_OBJC_MSGSEND = YES;
				ENABLE_TESTABILITY = YES;
				GCC_C_LANGUAGE_STANDARD = gnu11;
				GCC_DYNAMIC_NO_PIC = NO;
				GCC_NO_COMMON_BLOCKS = YES;
				GCC_OPTIMIZATION_LEVEL = 0;
				GCC_PREPROCESSOR_DEFINITIONS = (
					"DEBUG=1",
					"$(inherited)",
				);
				GCC_WARN_64_TO_32_BIT_CONVERSION = YES;
				GCC_WARN_ABOUT_RETURN_TYPE = YES_ERROR;
				GCC_WARN_UNDECLARED_SELECTOR = YES;
				GCC_WARN_UNINITIALIZED_AUTOS = YES_AGGRESSIVE;
				GCC_WARN_UNUSED_FUNCTION = YES;
				GCC_WARN_UNUSED_VARIABLE = YES;
				IPHONEOS_DEPLOYMENT_TARGET = 13.0;
				MTL_ENABLE_DEBUG_INFO = INCLUDE_SOURCE;
				MTL_FAST_MATH = YES;
				ONLY_ACTIVE_ARCH = YES;
				SDKROOT = iphoneos;
				SWIFT_ACTIVE_COMPILATION_CONDITIONS = DEBUG;
				SWIFT_OPTIMIZATION_LEVEL = "-Onone";
			};
			name = Debug;
		};
		229A4D73236C152600029528 /* Release */ = {
			isa = XCBuildConfiguration;
			buildSettings = {
				ALWAYS_SEARCH_USER_PATHS = NO;
				CLANG_ANALYZER_NONNULL = YES;
				CLANG_ANALYZER_NUMBER_OBJECT_CONVERSION = YES_AGGRESSIVE;
				CLANG_CXX_LANGUAGE_STANDARD = "gnu++14";
				CLANG_CXX_LIBRARY = "libc++";
				CLANG_ENABLE_MODULES = YES;
				CLANG_ENABLE_OBJC_ARC = YES;
				CLANG_ENABLE_OBJC_WEAK = YES;
				CLANG_WARN_BLOCK_CAPTURE_AUTORELEASING = YES;
				CLANG_WARN_BOOL_CONVERSION = YES;
				CLANG_WARN_COMMA = YES;
				CLANG_WARN_CONSTANT_CONVERSION = YES;
				CLANG_WARN_DEPRECATED_OBJC_IMPLEMENTATIONS = YES;
				CLANG_WARN_DIRECT_OBJC_ISA_USAGE = YES_ERROR;
				CLANG_WARN_DOCUMENTATION_COMMENTS = YES;
				CLANG_WARN_EMPTY_BODY = YES;
				CLANG_WARN_ENUM_CONVERSION = YES;
				CLANG_WARN_INFINITE_RECURSION = YES;
				CLANG_WARN_INT_CONVERSION = YES;
				CLANG_WARN_NON_LITERAL_NULL_CONVERSION = YES;
				CLANG_WARN_OBJC_IMPLICIT_RETAIN_SELF = YES;
				CLANG_WARN_OBJC_LITERAL_CONVERSION = YES;
				CLANG_WARN_OBJC_ROOT_CLASS = YES_ERROR;
				CLANG_WARN_RANGE_LOOP_ANALYSIS = YES;
				CLANG_WARN_STRICT_PROTOTYPES = YES;
				CLANG_WARN_SUSPICIOUS_MOVE = YES;
				CLANG_WARN_UNGUARDED_AVAILABILITY = YES_AGGRESSIVE;
				CLANG_WARN_UNREACHABLE_CODE = YES;
				CLANG_WARN__DUPLICATE_METHOD_MATCH = YES;
				COPY_PHASE_STRIP = NO;
				DEBUG_INFORMATION_FORMAT = "dwarf-with-dsym";
				ENABLE_NS_ASSERTIONS = NO;
				ENABLE_STRICT_OBJC_MSGSEND = YES;
				GCC_C_LANGUAGE_STANDARD = gnu11;
				GCC_NO_COMMON_BLOCKS = YES;
				GCC_WARN_64_TO_32_BIT_CONVERSION = YES;
				GCC_WARN_ABOUT_RETURN_TYPE = YES_ERROR;
				GCC_WARN_UNDECLARED_SELECTOR = YES;
				GCC_WARN_UNINITIALIZED_AUTOS = YES_AGGRESSIVE;
				GCC_WARN_UNUSED_FUNCTION = YES;
				GCC_WARN_UNUSED_VARIABLE = YES;
				IPHONEOS_DEPLOYMENT_TARGET = 13.0;
				MTL_ENABLE_DEBUG_INFO = NO;
				MTL_FAST_MATH = YES;
				SDKROOT = iphoneos;
				SWIFT_COMPILATION_MODE = wholemodule;
				SWIFT_OPTIMIZATION_LEVEL = "-O";
				VALIDATE_PRODUCT = YES;
			};
			name = Release;
		};
		229A4D75236C152600029528 /* Debug */ = {
			isa = XCBuildConfiguration;
			baseConfigurationReference = CBF6BA55B3181AFF80F3E657 /* Pods-TravelstartInterviewPractice.debug.xcconfig */;
			buildSettings = {
				ASSETCATALOG_COMPILER_APPICON_NAME = AppIcon;
				CODE_SIGN_STYLE = Automatic;
				DEVELOPMENT_TEAM = CL27H452FX;
				INFOPLIST_FILE = TravelstartInterviewPractice/Info.plist;
				LD_RUNPATH_SEARCH_PATHS = (
					"$(inherited)",
					"@executable_path/Frameworks",
				);
				PRODUCT_BUNDLE_IDENTIFIER = com.PersonalProject.TravelstartInterviewPractice;
				PRODUCT_NAME = "$(TARGET_NAME)";
				SWIFT_VERSION = 5.0;
				TARGETED_DEVICE_FAMILY = 1;
			};
			name = Debug;
		};
		229A4D76236C152600029528 /* Release */ = {
			isa = XCBuildConfiguration;
			baseConfigurationReference = 3BB5B266D354422109731D29 /* Pods-TravelstartInterviewPractice.release.xcconfig */;
			buildSettings = {
				ASSETCATALOG_COMPILER_APPICON_NAME = AppIcon;
				CODE_SIGN_STYLE = Automatic;
				DEVELOPMENT_TEAM = CL27H452FX;
				INFOPLIST_FILE = TravelstartInterviewPractice/Info.plist;
				LD_RUNPATH_SEARCH_PATHS = (
					"$(inherited)",
					"@executable_path/Frameworks",
				);
				PRODUCT_BUNDLE_IDENTIFIER = com.PersonalProject.TravelstartInterviewPractice;
				PRODUCT_NAME = "$(TARGET_NAME)";
				SWIFT_VERSION = 5.0;
				TARGETED_DEVICE_FAMILY = 1;
			};
			name = Release;
		};
		229A4D78236C152600029528 /* Debug */ = {
			isa = XCBuildConfiguration;
			baseConfigurationReference = 0E088F7886AB3355D26A8A76 /* Pods-TravelstartInterviewPracticeTests.debug.xcconfig */;
			buildSettings = {
				ALWAYS_EMBED_SWIFT_STANDARD_LIBRARIES = YES;
				BUNDLE_LOADER = "$(TEST_HOST)";
				CODE_SIGN_STYLE = Automatic;
				INFOPLIST_FILE = TravelstartInterviewPracticeTests/Info.plist;
				IPHONEOS_DEPLOYMENT_TARGET = 13.0;
				LD_RUNPATH_SEARCH_PATHS = (
					"$(inherited)",
					"@executable_path/Frameworks",
					"@loader_path/Frameworks",
				);
				PRODUCT_BUNDLE_IDENTIFIER = com.PersonalProject.TravelstartInterviewPracticeTests;
				PRODUCT_NAME = "$(TARGET_NAME)";
				SWIFT_VERSION = 5.0;
				TARGETED_DEVICE_FAMILY = "1,2";
				TEST_HOST = "$(BUILT_PRODUCTS_DIR)/TravelstartInterviewPractice.app/TravelstartInterviewPractice";
			};
			name = Debug;
		};
		229A4D79236C152600029528 /* Release */ = {
			isa = XCBuildConfiguration;
			baseConfigurationReference = 216EE18458D486B4C4A2B638 /* Pods-TravelstartInterviewPracticeTests.release.xcconfig */;
			buildSettings = {
				ALWAYS_EMBED_SWIFT_STANDARD_LIBRARIES = YES;
				BUNDLE_LOADER = "$(TEST_HOST)";
				CODE_SIGN_STYLE = Automatic;
				INFOPLIST_FILE = TravelstartInterviewPracticeTests/Info.plist;
				IPHONEOS_DEPLOYMENT_TARGET = 13.0;
				LD_RUNPATH_SEARCH_PATHS = (
					"$(inherited)",
					"@executable_path/Frameworks",
					"@loader_path/Frameworks",
				);
				PRODUCT_BUNDLE_IDENTIFIER = com.PersonalProject.TravelstartInterviewPracticeTests;
				PRODUCT_NAME = "$(TARGET_NAME)";
				SWIFT_VERSION = 5.0;
				TARGETED_DEVICE_FAMILY = "1,2";
				TEST_HOST = "$(BUILT_PRODUCTS_DIR)/TravelstartInterviewPractice.app/TravelstartInterviewPractice";
			};
			name = Release;
		};
/* End XCBuildConfiguration section */

/* Begin XCConfigurationList section */
		229A4D50236C152500029528 /* Build configuration list for PBXProject "TravelstartInterviewPractice" */ = {
			isa = XCConfigurationList;
			buildConfigurations = (
				229A4D72236C152600029528 /* Debug */,
				229A4D73236C152600029528 /* Release */,
			);
			defaultConfigurationIsVisible = 0;
			defaultConfigurationName = Release;
		};
		229A4D74236C152600029528 /* Build configuration list for PBXNativeTarget "TravelstartInterviewPractice" */ = {
			isa = XCConfigurationList;
			buildConfigurations = (
				229A4D75236C152600029528 /* Debug */,
				229A4D76236C152600029528 /* Release */,
			);
			defaultConfigurationIsVisible = 0;
			defaultConfigurationName = Release;
		};
		229A4D77236C152600029528 /* Build configuration list for PBXNativeTarget "TravelstartInterviewPracticeTests" */ = {
			isa = XCConfigurationList;
			buildConfigurations = (
				229A4D78236C152600029528 /* Debug */,
				229A4D79236C152600029528 /* Release */,
			);
			defaultConfigurationIsVisible = 0;
			defaultConfigurationName = Release;
		};
/* End XCConfigurationList section */
	};
	rootObject = 229A4D4D236C152500029528 /* Project object */;
}
